{
  "name": "PreparazioniVerAngular",
  "lockfileVersion": 3,
  "requires": true,
  "packages": {
    "": {
      "dependencies": {
        "@types/google-maps": "^3.2.3"
      }
    },
    "node_modules/@types/google-maps": {
      "version": "3.2.3",
      "resolved": "https://registry.npmjs.org/@types/google-maps/-/google-maps-3.2.3.tgz",
      "integrity": "sha512-+GR/7sMvo2bENS26H4t2QqoCqE4FE5qhsG8aaDM9mJAlsorkLyaFdTQra8VkmS1RNE09fx9c1kac+GKG0RtA2A==",
      "dependencies": {
        "@types/google.maps": "*"
      }
    },
    "node_modules/@types/google.maps": {
      "version": "3.53.1",
      "resolved": "https://registry.npmjs.org/@types/google.maps/-/google.maps-3.53.1.tgz",
      "integrity": "sha512-+7JVpq+kFzTU3TweSz6huYuFedZ4s60WeABaXYU6rDZczdpfoQ5DuZNCDc/eAAcdFJpxMMDpzf3d9YTMNodBFg=="
    }
  }
}
